
Microsoft Visual Studio Solution File, Format Version 12.00
# Visual Studio Version 16
VisualStudioVersion = 16.0.32228.343
MinimumVisualStudioVersion = 10.0.40219.1
Project("{FAE04EC0-301F-11D3-BF4B-00C04F79EFBC}") = "DataStructures_LinkedList_StacksAndQueues", "DataStructures_LinkedList_StacksAndQueues\DataStructures_LinkedList_StacksAndQueues.csproj", "{758A6C70-8DFC-4A17-BE68-D3ED6467C605}"
EndProject
Global
	GlobalSection(SolutionConfigurationPlatforms) = preSolution
		Debug|Any CPU = Debug|Any CPU
		Release|Any CPU = Release|Any CPU
	EndGlobalSection
	GlobalSection(ProjectConfigurationPlatforms) = postSolution
		{758A6C70-8DFC-4A17-BE68-D3ED6467C605}.Debug|Any CPU.ActiveCfg = Debug|Any CPU
		{758A6C70-8DFC-4A17-BE68-D3ED6467C605}.Debug|Any CPU.Build.0 = Debug|Any CPU
		{758A6C70-8DFC-4A17-BE68-D3ED6467C605}.Release|Any CPU.ActiveCfg = Release|Any CPU
		{758A6C70-8DFC-4A17-BE68-D3ED6467C605}.Release|Any CPU.Build.0 = Release|Any CPU
	EndGlobalSection
	GlobalSection(SolutionProperties) = preSolution
		HideSolutionNode = FALSE
	EndGlobalSection
	GlobalSection(ExtensibilityGlobals) = postSolution
		SolutionGuid = {CEC18886-6F08-40E5-BE48-2E9F31EB8E9B}
	EndGlobalSection
EndGlobal
